
Microsoft Visual Studio Solution File, Format Version 12.00
# Visual Studio Version 16
VisualStudioVersion = 16.0.31624.102
MinimumVisualStudioVersion = 10.0.40219.1
Project("{8BC9CEB8-8B4A-11D0-8D11-00A0C91BC942}") = "AutoSwitchDisplayFrequency", "AutoSwitchDisplayFrequency\AutoSwitchDisplayFrequency.vcxproj", "{AE4E7D9B-BF86-4186-80ED-E1D28764C96D}"
EndProject
Global
	GlobalSection(SolutionConfigurationPlatforms) = preSolution
		Debug|x64 = Debug|x64
		Debug|x86 = Debug|x86
		Release|x64 = Release|x64
		Release|x86 = Release|x86
	EndGlobalSection
	GlobalSection(ProjectConfigurationPlatforms) = postSolution
		{AE4E7D9B-BF86-4186-80ED-E1D28764C96D}.Debug|x64.ActiveCfg = Debug|x64
		{AE4E7D9B-BF86-4186-80ED-E1D28764C96D}.Debug|x64.Build.0 = Debug|x64
		{AE4E7D9B-BF86-4186-80ED-E1D28764C96D}.Debug|x86.ActiveCfg = Debug|Win32
		{AE4E7D9B-BF86-4186-80ED-E1D28764C96D}.Debug|x86.Build.0 = Debug|Win32
		{AE4E7D9B-BF86-4186-80ED-E1D28764C96D}.Release|x64.ActiveCfg = Release|x64
		{AE4E7D9B-BF86-4186-80ED-E1D28764C96D}.Release|x64.Build.0 = Release|x64
		{AE4E7D9B-BF86-4186-80ED-E1D28764C96D}.Release|x86.ActiveCfg = Release|Win32
		{AE4E7D9B-BF86-4186-80ED-E1D28764C96D}.Release|x86.Build.0 = Release|Win32
	EndGlobalSection
	GlobalSection(SolutionProperties) = preSolution
		HideSolutionNode = FALSE
	EndGlobalSection
	GlobalSection(ExtensibilityGlobals) = postSolution
		SolutionGuid = {23208F29-C2D6-44B8-8863-330679D73528}
	EndGlobalSection
EndGlobal
